
Microsoft Visual Studio Solution File, Format Version 12.00
# Visual Studio Version 17
VisualStudioVersion = 17.8.34330.188
MinimumVisualStudioVersion = 10.0.40219.1
Project("{FAE04EC0-301F-11D3-BF4B-00C04F79EFBC}") = "ИМЛаба8_2", "ИМЛаба8_2\ИМЛаба8_2.csproj", "{326008D4-E1FB-424D-ADB6-05100F1567E1}"
EndProject
Global
	GlobalSection(SolutionConfigurationPlatforms) = preSolution
		Debug|Any CPU = Debug|Any CPU
		Release|Any CPU = Release|Any CPU
	EndGlobalSection
	GlobalSection(ProjectConfigurationPlatforms) = postSolution
		{326008D4-E1FB-424D-ADB6-05100F1567E1}.Debug|Any CPU.ActiveCfg = Debug|Any CPU
		{326008D4-E1FB-424D-ADB6-05100F1567E1}.Debug|Any CPU.Build.0 = Debug|Any CPU
		{326008D4-E1FB-424D-ADB6-05100F1567E1}.Release|Any CPU.ActiveCfg = Release|Any CPU
		{326008D4-E1FB-424D-ADB6-05100F1567E1}.Release|Any CPU.Build.0 = Release|Any CPU
	EndGlobalSection
	GlobalSection(SolutionProperties) = preSolution
		HideSolutionNode = FALSE
	EndGlobalSection
	GlobalSection(ExtensibilityGlobals) = postSolution
		SolutionGuid = {B664070C-2FCD-4AF8-94F8-5C5FF9486FD1}
	EndGlobalSection
EndGlobal
